
Microsoft Visual Studio Solution File, Format Version 12.00
# Visual Studio Version 17
VisualStudioVersion = 17.5.2.0
MinimumVisualStudioVersion = 10.0.40219.1
Project("{FAE04EC0-301F-11D3-BF4B-00C04F79EFBC}") = "EventR.Cli.Interface", "src\EventR.Cli.Interface\EventR.Cli.Interface.csproj", "{36D233C5-2F83-4118-8844-ADF1DFF7FFCE}"
EndProject
Project("{FAE04EC0-301F-11D3-BF4B-00C04F79EFBC}") = "EventR", "src\EventR\EventR.csproj", "{74AA0574-E457-4180-8BBB-0C99F7CFC64E}"
EndProject
Project("{2150E333-8FDC-42A3-9474-1A3956D46DE8}") = "Demos", "Demos", "{FA8A28C8-4B59-8028-2ACF-626D05B08DB7}"
EndProject
Project("{FAE04EC0-301F-11D3-BF4B-00C04F79EFBC}") = "EventR.Demo.Lambda", "samples\EventR.Demo.Lambda\EventR.Demo.Lambda.csproj", "{AF383193-4841-433F-9AFE-FE9EA4825B01}"
EndProject
Project("{2150E333-8FDC-42A3-9474-1A3956D46DE8}") = "Transports", "Transports", "{6D81D0D1-7A60-1ADD-C689-B1528D5CD9EE}"
EndProject
Project("{FAE04EC0-301F-11D3-BF4B-00C04F79EFBC}") = "EventR.Transports.Amazon.SQS", "src\EventR.Transports.Amazon.SQS\EventR.Transports.Amazon.SQS.csproj", "{19927BEC-3A6C-4F56-9C4D-4323A97F93EF}"
EndProject
Project("{FAE04EC0-301F-11D3-BF4B-00C04F79EFBC}") = "EventR.Transports.Development", "src\EventR.Transports.Development\EventR.Transports.Development.csproj", "{A535DA77-6A5A-4165-A2FF-085BF9DD19F9}"
EndProject
Project("{FAE04EC0-301F-11D3-BF4B-00C04F79EFBC}") = "EventR.Demo.Service", "samples\EventR.Demo.Service\EventR.Demo.Service.csproj", "{037CF2FE-24B4-4C1A-8576-1A2063ADDFC0}"
EndProject
Project("{FAE04EC0-301F-11D3-BF4B-00C04F79EFBC}") = "EventR.Transports.Amazon.EventBridge", "src\EventR.Transports.Amazon.EventBridge\EventR.Transports.Amazon.EventBridge.csproj", "{8777B4AE-D295-48E7-A8A9-4FCC86C0F03A}"
EndProject
Project("{FAE04EC0-301F-11D3-BF4B-00C04F79EFBC}") = "EventR.Lambda.Launcher", "src\EventR.Lambda.Launcher\EventR.Lambda.Launcher.csproj", "{2C9953A6-0679-4AC9-B580-892FEB89A091}"
EndProject
Project("{FAE04EC0-301F-11D3-BF4B-00C04F79EFBC}") = "EventR.Cli", "src\EventR.Cli\EventR.Cli.csproj", "{92A6B690-C507-4D4B-AB6D-0BA483693980}"
EndProject
Global
	GlobalSection(SolutionConfigurationPlatforms) = preSolution
		Debug|Any CPU = Debug|Any CPU
		Debug|x64 = Debug|x64
		Debug|x86 = Debug|x86
		Release|Any CPU = Release|Any CPU
		Release|x64 = Release|x64
		Release|x86 = Release|x86
	EndGlobalSection
	GlobalSection(ProjectConfigurationPlatforms) = postSolution
		{36D233C5-2F83-4118-8844-ADF1DFF7FFCE}.Debug|Any CPU.ActiveCfg = Debug|Any CPU
		{36D233C5-2F83-4118-8844-ADF1DFF7FFCE}.Debug|Any CPU.Build.0 = Debug|Any CPU
		{36D233C5-2F83-4118-8844-ADF1DFF7FFCE}.Debug|x64.ActiveCfg = Debug|Any CPU
		{36D233C5-2F83-4118-8844-ADF1DFF7FFCE}.Debug|x64.Build.0 = Debug|Any CPU
		{36D233C5-2F83-4118-8844-ADF1DFF7FFCE}.Debug|x86.ActiveCfg = Debug|Any CPU
		{36D233C5-2F83-4118-8844-ADF1DFF7FFCE}.Debug|x86.Build.0 = Debug|Any CPU
		{36D233C5-2F83-4118-8844-ADF1DFF7FFCE}.Release|Any CPU.ActiveCfg = Release|Any CPU
		{36D233C5-2F83-4118-8844-ADF1DFF7FFCE}.Release|Any CPU.Build.0 = Release|Any CPU
		{36D233C5-2F83-4118-8844-ADF1DFF7FFCE}.Release|x64.ActiveCfg = Release|Any CPU
		{36D233C5-2F83-4118-8844-ADF1DFF7FFCE}.Release|x64.Build.0 = Release|Any CPU
		{36D233C5-2F83-4118-8844-ADF1DFF7FFCE}.Release|x86.ActiveCfg = Release|Any CPU
		{36D233C5-2F83-4118-8844-ADF1DFF7FFCE}.Release|x86.Build.0 = Release|Any CPU
		{74AA0574-E457-4180-8BBB-0C99F7CFC64E}.Debug|Any CPU.ActiveCfg = Debug|Any CPU
		{74AA0574-E457-4180-8BBB-0C99F7CFC64E}.Debug|Any CPU.Build.0 = Debug|Any CPU
		{74AA0574-E457-4180-8BBB-0C99F7CFC64E}.Debug|x64.ActiveCfg = Debug|Any CPU
		{74AA0574-E457-4180-8BBB-0C99F7CFC64E}.Debug|x64.Build.0 = Debug|Any CPU
		{74AA0574-E457-4180-8BBB-0C99F7CFC64E}.Debug|x86.ActiveCfg = Debug|Any CPU
		{74AA0574-E457-4180-8BBB-0C99F7CFC64E}.Debug|x86.Build.0 = Debug|Any CPU
		{74AA0574-E457-4180-8BBB-0C99F7CFC64E}.Release|Any CPU.ActiveCfg = Release|Any CPU
		{74AA0574-E457-4180-8BBB-0C99F7CFC64E}.Release|Any CPU.Build.0 = Release|Any CPU
		{74AA0574-E457-4180-8BBB-0C99F7CFC64E}.Release|x64.ActiveCfg = Release|Any CPU
		{74AA0574-E457-4180-8BBB-0C99F7CFC64E}.Release|x64.Build.0 = Release|Any CPU
		{74AA0574-E457-4180-8BBB-0C99F7CFC64E}.Release|x86.ActiveCfg = Release|Any CPU
		{74AA0574-E457-4180-8BBB-0C99F7CFC64E}.Release|x86.Build.0 = Release|Any CPU
		{AF383193-4841-433F-9AFE-FE9EA4825B01}.Debug|Any CPU.ActiveCfg = Debug|Any CPU
		{AF383193-4841-433F-9AFE-FE9EA4825B01}.Debug|Any CPU.Build.0 = Debug|Any CPU
		{AF383193-4841-433F-9AFE-FE9EA4825B01}.Debug|x64.ActiveCfg = Debug|Any CPU
		{AF383193-4841-433F-9AFE-FE9EA4825B01}.Debug|x64.Build.0 = Debug|Any CPU
		{AF383193-4841-433F-9AFE-FE9EA4825B01}.Debug|x86.ActiveCfg = Debug|Any CPU
		{AF383193-4841-433F-9AFE-FE9EA4825B01}.Debug|x86.Build.0 = Debug|Any CPU
		{AF383193-4841-433F-9AFE-FE9EA4825B01}.Release|Any CPU.ActiveCfg = Release|Any CPU
		{AF383193-4841-433F-9AFE-FE9EA4825B01}.Release|Any CPU.Build.0 = Release|Any CPU
		{AF383193-4841-433F-9AFE-FE9EA4825B01}.Release|x64.ActiveCfg = Release|Any CPU
		{AF383193-4841-433F-9AFE-FE9EA4825B01}.Release|x64.Build.0 = Release|Any CPU
		{AF383193-4841-433F-9AFE-FE9EA4825B01}.Release|x86.ActiveCfg = Release|Any CPU
		{AF383193-4841-433F-9AFE-FE9EA4825B01}.Release|x86.Build.0 = Release|Any CPU
		{19927BEC-3A6C-4F56-9C4D-4323A97F93EF}.Debug|Any CPU.ActiveCfg = Debug|Any CPU
		{19927BEC-3A6C-4F56-9C4D-4323A97F93EF}.Debug|Any CPU.Build.0 = Debug|Any CPU
		{19927BEC-3A6C-4F56-9C4D-4323A97F93EF}.Debug|x64.ActiveCfg = Debug|Any CPU
		{19927BEC-3A6C-4F56-9C4D-4323A97F93EF}.Debug|x64.Build.0 = Debug|Any CPU
		{19927BEC-3A6C-4F56-9C4D-4323A97F93EF}.Debug|x86.ActiveCfg = Debug|Any CPU
		{19927BEC-3A6C-4F56-9C4D-4323A97F93EF}.Debug|x86.Build.0 = Debug|Any CPU
		{19927BEC-3A6C-4F56-9C4D-4323A97F93EF}.Release|Any CPU.ActiveCfg = Release|Any CPU
		{19927BEC-3A6C-4F56-9C4D-4323A97F93EF}.Release|Any CPU.Build.0 = Release|Any CPU
		{19927BEC-3A6C-4F56-9C4D-4323A97F93EF}.Release|x64.ActiveCfg = Release|Any CPU
		{19927BEC-3A6C-4F56-9C4D-4323A97F93EF}.Release|x64.Build.0 = Release|Any CPU
		{19927BEC-3A6C-4F56-9C4D-4323A97F93EF}.Release|x86.ActiveCfg = Release|Any CPU
		{19927BEC-3A6C-4F56-9C4D-4323A97F93EF}.Release|x86.Build.0 = Release|Any CPU
		{A535DA77-6A5A-4165-A2FF-085BF9DD19F9}.Debug|Any CPU.ActiveCfg = Debug|Any CPU
		{A535DA77-6A5A-4165-A2FF-085BF9DD19F9}.Debug|Any CPU.Build.0 = Debug|Any CPU
		{A535DA77-6A5A-4165-A2FF-085BF9DD19F9}.Debug|x64.ActiveCfg = Debug|Any CPU
		{A535DA77-6A5A-4165-A2FF-085BF9DD19F9}.Debug|x64.Build.0 = Debug|Any CPU
		{A535DA77-6A5A-4165-A2FF-085BF9DD19F9}.Debug|x86.ActiveCfg = Debug|Any CPU
		{A535DA77-6A5A-4165-A2FF-085BF9DD19F9}.Debug|x86.Build.0 = Debug|Any CPU
		{A535DA77-6A5A-4165-A2FF-085BF9DD19F9}.Release|Any CPU.ActiveCfg = Release|Any CPU
		{A535DA77-6A5A-4165-A2FF-085BF9DD19F9}.Release|Any CPU.Build.0 = Release|Any CPU
		{A535DA77-6A5A-4165-A2FF-085BF9DD19F9}.Release|x64.ActiveCfg = Release|Any CPU
		{A535DA77-6A5A-4165-A2FF-085BF9DD19F9}.Release|x64.Build.0 = Release|Any CPU
		{A535DA77-6A5A-4165-A2FF-085BF9DD19F9}.Release|x86.ActiveCfg = Release|Any CPU
		{A535DA77-6A5A-4165-A2FF-085BF9DD19F9}.Release|x86.Build.0 = Release|Any CPU
		{037CF2FE-24B4-4C1A-8576-1A2063ADDFC0}.Debug|Any CPU.ActiveCfg = Debug|Any CPU
		{037CF2FE-24B4-4C1A-8576-1A2063ADDFC0}.Debug|Any CPU.Build.0 = Debug|Any CPU
		{037CF2FE-24B4-4C1A-8576-1A2063ADDFC0}.Debug|x64.ActiveCfg = Debug|Any CPU
		{037CF2FE-24B4-4C1A-8576-1A2063ADDFC0}.Debug|x64.Build.0 = Debug|Any CPU
		{037CF2FE-24B4-4C1A-8576-1A2063ADDFC0}.Debug|x86.ActiveCfg = Debug|Any CPU
		{037CF2FE-24B4-4C1A-8576-1A2063ADDFC0}.Debug|x86.Build.0 = Debug|Any CPU
		{037CF2FE-24B4-4C1A-8576-1A2063ADDFC0}.Release|Any CPU.ActiveCfg = Release|Any CPU
		{037CF2FE-24B4-4C1A-8576-1A2063ADDFC0}.Release|Any CPU.Build.0 = Release|Any CPU
		{037CF2FE-24B4-4C1A-8576-1A2063ADDFC0}.Release|x64.ActiveCfg = Release|Any CPU
		{037CF2FE-24B4-4C1A-8576-1A2063ADDFC0}.Release|x64.Build.0 = Release|Any CPU
		{037CF2FE-24B4-4C1A-8576-1A2063ADDFC0}.Release|x86.ActiveCfg = Release|Any CPU
		{037CF2FE-24B4-4C1A-8576-1A2063ADDFC0}.Release|x86.Build.0 = Release|Any CPU
		{8777B4AE-D295-48E7-A8A9-4FCC86C0F03A}.Debug|Any CPU.ActiveCfg = Debug|Any CPU
		{8777B4AE-D295-48E7-A8A9-4FCC86C0F03A}.Debug|Any CPU.Build.0 = Debug|Any CPU
		{8777B4AE-D295-48E7-A8A9-4FCC86C0F03A}.Debug|x64.ActiveCfg = Debug|Any CPU
		{8777B4AE-D295-48E7-A8A9-4FCC86C0F03A}.Debug|x64.Build.0 = Debug|Any CPU
		{8777B4AE-D295-48E7-A8A9-4FCC86C0F03A}.Debug|x86.ActiveCfg = Debug|Any CPU
		{8777B4AE-D295-48E7-A8A9-4FCC86C0F03A}.Debug|x86.Build.0 = Debug|Any CPU
		{8777B4AE-D295-48E7-A8A9-4FCC86C0F03A}.Release|Any CPU.ActiveCfg = Release|Any CPU
		{8777B4AE-D295-48E7-A8A9-4FCC86C0F03A}.Release|Any CPU.Build.0 = Release|Any CPU
		{8777B4AE-D295-48E7-A8A9-4FCC86C0F03A}.Release|x64.ActiveCfg = Release|Any CPU
		{8777B4AE-D295-48E7-A8A9-4FCC86C0F03A}.Release|x64.Build.0 = Release|Any CPU
		{8777B4AE-D295-48E7-A8A9-4FCC86C0F03A}.Release|x86.ActiveCfg = Release|Any CPU
		{8777B4AE-D295-48E7-A8A9-4FCC86C0F03A}.Release|x86.Build.0 = Release|Any CPU
		{2C9953A6-0679-4AC9-B580-892FEB89A091}.Debug|Any CPU.ActiveCfg = Debug|Any CPU
		{2C9953A6-0679-4AC9-B580-892FEB89A091}.Debug|Any CPU.Build.0 = Debug|Any CPU
		{2C9953A6-0679-4AC9-B580-892FEB89A091}.Debug|x64.ActiveCfg = Debug|Any CPU
		{2C9953A6-0679-4AC9-B580-892FEB89A091}.Debug|x64.Build.0 = Debug|Any CPU
		{2C9953A6-0679-4AC9-B580-892FEB89A091}.Debug|x86.ActiveCfg = Debug|Any CPU
		{2C9953A6-0679-4AC9-B580-892FEB89A091}.Debug|x86.Build.0 = Debug|Any CPU
		{2C9953A6-0679-4AC9-B580-892FEB89A091}.Release|Any CPU.ActiveCfg = Release|Any CPU
		{2C9953A6-0679-4AC9-B580-892FEB89A091}.Release|Any CPU.Build.0 = Release|Any CPU
		{2C9953A6-0679-4AC9-B580-892FEB89A091}.Release|x64.ActiveCfg = Release|Any CPU
		{2C9953A6-0679-4AC9-B580-892FEB89A091}.Release|x64.Build.0 = Release|Any CPU
		{2C9953A6-0679-4AC9-B580-892FEB89A091}.Release|x86.ActiveCfg = Release|Any CPU
		{2C9953A6-0679-4AC9-B580-892FEB89A091}.Release|x86.Build.0 = Release|Any CPU
		{92A6B690-C507-4D4B-AB6D-0BA483693980}.Debug|Any CPU.ActiveCfg = Debug|Any CPU
		{92A6B690-C507-4D4B-AB6D-0BA483693980}.Debug|Any CPU.Build.0 = Debug|Any CPU
		{92A6B690-C507-4D4B-AB6D-0BA483693980}.Debug|x64.ActiveCfg = Debug|Any CPU
		{92A6B690-C507-4D4B-AB6D-0BA483693980}.Debug|x64.Build.0 = Debug|Any CPU
		{92A6B690-C507-4D4B-AB6D-0BA483693980}.Debug|x86.ActiveCfg = Debug|Any CPU
		{92A6B690-C507-4D4B-AB6D-0BA483693980}.Debug|x86.Build.0 = Debug|Any CPU
		{92A6B690-C507-4D4B-AB6D-0BA483693980}.Release|Any CPU.ActiveCfg = Release|Any CPU
		{92A6B690-C507-4D4B-AB6D-0BA483693980}.Release|Any CPU.Build.0 = Release|Any CPU
		{92A6B690-C507-4D4B-AB6D-0BA483693980}.Release|x64.ActiveCfg = Release|Any CPU
		{92A6B690-C507-4D4B-AB6D-0BA483693980}.Release|x64.Build.0 = Release|Any CPU
		{92A6B690-C507-4D4B-AB6D-0BA483693980}.Release|x86.ActiveCfg = Release|Any CPU
		{92A6B690-C507-4D4B-AB6D-0BA483693980}.Release|x86.Build.0 = Release|Any CPU
	EndGlobalSection
	GlobalSection(SolutionProperties) = preSolution
		HideSolutionNode = FALSE
	EndGlobalSection
	GlobalSection(NestedProjects) = preSolution
		{AF383193-4841-433F-9AFE-FE9EA4825B01} = {FA8A28C8-4B59-8028-2ACF-626D05B08DB7}
		{19927BEC-3A6C-4F56-9C4D-4323A97F93EF} = {6D81D0D1-7A60-1ADD-C689-B1528D5CD9EE}
		{A535DA77-6A5A-4165-A2FF-085BF9DD19F9} = {6D81D0D1-7A60-1ADD-C689-B1528D5CD9EE}
		{037CF2FE-24B4-4C1A-8576-1A2063ADDFC0} = {FA8A28C8-4B59-8028-2ACF-626D05B08DB7}
		{8777B4AE-D295-48E7-A8A9-4FCC86C0F03A} = {6D81D0D1-7A60-1ADD-C689-B1528D5CD9EE}
	EndGlobalSection
	GlobalSection(ExtensibilityGlobals) = postSolution
		SolutionGuid = {0E83FE52-965F-461D-84DB-90E02ACDE82B}
	EndGlobalSection
EndGlobal
